// !$*UTF8*$!
{
	archiveVersion = 1;
	classes = {
	};
	objectVersion = 46;
	objects = {

/* Begin PBXBuildFile section */
		2A5C4EB62056E95700E653BB /* AppDelegate.swift in Sources */ = {isa = PBXBuildFile; fileRef = 2A5C4EB52056E95700E653BB /* AppDelegate.swift */; };
		2A5C4EB82056E95700E653BB /* ViewController.swift in Sources */ = {isa = PBXBuildFile; fileRef = 2A5C4EB72056E95700E653BB /* ViewController.swift */; };
		2A5C4EBB2056E95700E653BB /* Main.storyboard in Resources */ = {isa = PBXBuildFile; fileRef = 2A5C4EB92056E95700E653BB /* Main.storyboard */; };
		2A5C4EBD2056E95700E653BB /* Assets.xcassets in Resources */ = {isa = PBXBuildFile; fileRef = 2A5C4EBC2056E95700E653BB /* Assets.xcassets */; };
		2A5C4EC02056E95700E653BB /* LaunchScreen.storyboard in Resources */ = {isa = PBXBuildFile; fileRef = 2A5C4EBE2056E95700E653BB /* LaunchScreen.storyboard */; };
		2A5C4EC82056EC8300E653BB /* secondViewController.swift in Sources */ = {isa = PBXBuildFile; fileRef = 2A5C4EC72056EC8300E653BB /* secondViewController.swift */; };
		2A5C4ECA2056F26600E653BB /* eventObject.swift in Sources */ = {isa = PBXBuildFile; fileRef = 2A5C4EC92056F26500E653BB /* eventObject.swift */; };
/* End PBXBuildFile section */

/* Begin PBXFileReference section */
		2A5C4EB22056E95700E653BB /* Project 1 attempt 4.app */ = {isa = PBXFileReference; explicitFileType = wrapper.application; includeInIndex = 0; path = "Project 1 attempt 4.app"; sourceTree = BUILT_PRODUCTS_DIR; };
		2A5C4EB52056E95700E653BB /* AppDelegate.swift */ = {isa = PBXFileReference; lastKnownFileType = sourcecode.swift; path = AppDelegate.swift; sourceTree = "<group>"; };
		2A5C4EB72056E95700E653BB /* ViewController.swift */ = {isa = PBXFileReference; lastKnownFileType = sourcecode.swift; path = ViewController.swift; sourceTree = "<group>"; };
		2A5C4EBA2056E95700E653BB /* Base */ = {isa = PBXFileReference; lastKnownFileType = file.storyboard; name = Base; path = Base.lproj/Main.storyboard; sourceTree = "<group>"; };
		2A5C4EBC2056E95700E653BB /* Assets.xcassets */ = {isa = PBXFileReference; lastKnownFileType = folder.assetcatalog; path = Assets.xcassets; sourceTree = "<group>"; };
		2A5C4EBF2056E95700E653BB /* Base */ = {isa = PBXFileReference; lastKnownFileType = file.storyboard; name = Base; path = Base.lproj/LaunchScreen.storyboard; sourceTree = "<group>"; };
		2A5C4EC12056E95700E653BB /* Info.plist */ = {isa = PBXFileReference; lastKnownFileType = text.plist.xml; path = Info.plist; sourceTree = "<group>"; };
		2A5C4EC72056EC8300E653BB /* secondViewController.swift */ = {isa = PBXFileReference; fileEncoding = 4; lastKnownFileType = sourcecode.swift; path = secondViewController.swift; sourceTree = "<group>"; };
		2A5C4EC92056F26500E653BB /* eventObject.swift */ = {isa = PBXFileReference; fileEncoding = 4; lastKnownFileType = sourcecode.swift; path = eventObject.swift; sourceTree = "<group>"; };
/* End PBXFileReference section */

/* Begin PBXFrameworksBuildPhase section */
		2A5C4EAF2056E95700E653BB /* Frameworks */ = {
			isa = PBXFrameworksBuildPhase;
			buildActionMask = 2147483647;
			files = (
			);
			runOnlyForDeploymentPostprocessing = 0;
		};
/* End PBXFrameworksBuildPhase section */

/* Begin PBXGroup section */
		2A5C4EA92056E95700E653BB = {
			isa = PBXGroup;
			children = (
				2A5C4EB42056E95700E653BB /* Project 1 attempt 4 */,
				2A5C4EB32056E95700E653BB /* Products */,
			);
			sourceTree = "<group>";
		};
		2A5C4EB32056E95700E653BB /* Products */ = {
			isa = PBXGroup;
			children = (
				2A5C4EB22056E95700E653BB /* Project 1 attempt 4.app */,
			);
			name = Products;
			sourceTree = "<group>";
		};
		2A5C4EB42056E95700E653BB /* Project 1 attempt 4 */ = {
			isa = PBXGroup;
			children = (
				2A5C4EB52056E95700E653BB /* AppDelegate.swift */,
				2A5C4EB72056E95700E653BB /* ViewController.swift */,
				2A5C4EC72056EC8300E653BB /* secondViewController.swift */,
				2A5C4EC92056F26500E653BB /* eventObject.swift */,
				2A5C4EB92056E95700E653BB /* Main.storyboard */,
				2A5C4EBC2056E95700E653BB /* Assets.xcassets */,
				2A5C4EBE2056E95700E653BB /* LaunchScreen.storyboard */,
				2A5C4EC12056E95700E653BB /* Info.plist */,
			);
			path = "Project 1 attempt 4";
			sourceTree = "<group>";
		};
/* End PBXGroup section */

/* Begin PBXNativeTarget section */
		2A5C4EB12056E95700E653BB /* Project 1 attempt 4 */ = {
			isa = PBXNativeTarget;
			buildConfigurationList = 2A5C4EC42056E95700E653BB /* Build configuration list for PBXNativeTarget "Project 1 attempt 4" */;
			buildPhases = (
				2A5C4EAE2056E95700E653BB /* Sources */,
				2A5C4EAF2056E95700E653BB /* Frameworks */,
				2A5C4EB02056E95700E653BB /* Resources */,
			);
			buildRules = (
			);
			dependencies = (
			);
			name = "Project 1 attempt 4";
			productName = "Project 1 attempt 4";
			productReference = 2A5C4EB22056E95700E653BB /* Project 1 attempt 4.app */;
			productType = "com.apple.product-type.application";
		};
/* End PBXNativeTarget section */

/* Begin PBXProject section */
		2A5C4EAA2056E95700E653BB /* Project object */ = {
			isa = PBXProject;
			attributes = {
				LastSwiftUpdateCheck = 0830;
				LastUpgradeCheck = 0830;
				ORGANIZATIONNAME = "Daniel Dodson";
				TargetAttributes = {
					2A5C4EB12056E95700E653BB = {
						CreatedOnToolsVersion = 8.3.1;
						DevelopmentTeam = RPT494X4F7;
						ProvisioningStyle = Automatic;
					};
				};
			};
			buildConfigurationList = 2A5C4EAD2056E95700E653BB /* Build configuration list for PBXProject "Project 1 attempt 4" */;
			compatibilityVersion = "Xcode 3.2";
			developmentRegion = English;
			hasScannedForEncodings = 0;
			knownRegions = (
				en,
				Base,
			);
			mainGroup = 2A5C4EA92056E95700E653BB;
			productRefGroup = 2A5C4EB32056E95700E653BB /* Products */;
			projectDirPath = "";
			projectRoot = "";
			targets = (
				2A5C4EB12056E95700E653BB /* Project 1 attempt 4 */,
			);
		};
/* End PBXProject section */

/* Begin PBXResourcesBuildPhase section */
		2A5C4EB02056E95700E653BB /* Resources */ = {
			isa = PBXResourcesBuildPhase;
			buildActionMask = 2147483647;
			files = (
				2A5C4EC02056E95700E653BB /* LaunchScreen.storyboard in Resources */,
				2A5C4EBD2056E95700E653BB /* Assets.xcassets in Resources */,
				2A5C4EBB2056E95700E653BB /* Main.storyboard in Resources */,
			);
			runOnlyForDeploymentPostprocessing = 0;
		};
/* End PBXResourcesBuildPhase section */

/* Begin PBXSourcesBuildPhase section */
		2A5C4EAE2056E95700E653BB /* Sources */ = {
			isa = PBXSourcesBuildPhase;
			buildActionMask = 2147483647;
			files = (
				2A5C4ECA2056F26600E653BB /* eventObject.swift in Sources */,
				2A5C4EB82056E95700E653BB /* ViewController.swift in Sources */,
				2A5C4EC82056EC8300E653BB /* secondViewController.swift in Sources */,
				2A5C4EB62056E95700E653BB /* AppDelegate.swift in Sources */,
			);
			runOnlyForDeploymentPostprocessing = 0;
		};
/* End PBXSourcesBuildPhase section */

/* Begin PBXVariantGroup section */
		2A5C4EB92056E95700E653BB /* Main.storyboard */ = {
			isa = PBXVariantGroup;
			children = (
				2A5C4EBA2056E95700E653BB /* Base */,
			);
			name = Main.storyboard;
			sourceTree = "<group>";
		};
		2A5C4EBE2056E95700E653BB /* LaunchScreen.storyboard */ = {
			isa = PBXVariantGroup;
			children = (
				2A5C4EBF2056E95700E653BB /* Base */,
			);
			name = LaunchScreen.storyboard;
			sourceTree = "<group>";
		};
/* End PBXVariantGroup section */

/* Begin XCBuildConfiguration section */
		2A5C4EC22056E95700E653BB /* Debug */ = {
			isa = XCBuildConfiguration;
			buildSettings = {
				ALWAYS_SEARCH_USER_PATHS = NO;
				CLANG_ANALYZER_NONNULL = YES;
				CLANG_ANALYZER_NUMBER_OBJECT_CONVERSION = YES_AGGRESSIVE;
				CLANG_CXX_LANGUAGE_STANDARD = "gnu++0x";
				CLANG_CXX_LIBRARY = "libc++";
				CLANG_ENABLE_MODULES = YES;
				CLANG_ENABLE_OBJC_ARC = YES;
				CLANG_WARN_BOOL_CONVERSION = YES;
				CLANG_WARN_CONSTANT_CONVERSION = YES;
				CLANG_WARN_DIRECT_OBJC_ISA_USAGE = YES_ERROR;
				CLANG_WARN_DOCUMENTATION_COMMENTS = YES;
				CLANG_WARN_EMPTY_BODY = YES;
				CLANG_WARN_ENUM_CONVERSION = YES;
				CLANG_WARN_INFINITE_RECURSION = YES;
				CLANG_WARN_INT_CONVERSION = YES;
				CLANG_WARN_OBJC_ROOT_CLASS = YES_ERROR;
				CLANG_WARN_SUSPICIOUS_MOVE = YES;
				CLANG_WARN_UNREACHABLE_CODE = YES;
				CLANG_WARN__DUPLICATE_METHOD_MATCH = YES;
				"CODE_SIGN_IDENTITY[sdk=iphoneos*]" = "iPhone Developer";
				COPY_PHASE_STRIP = NO;
				DEBUG_INFORMATION_FORMAT = dwarf;
				ENABLE_STRICT_OBJC_MSGSEND = YES;
				ENABLE_TESTABILITY = YES;
				GCC_C_LANGUAGE_STANDARD = gnu99;
				GCC_DYNAMIC_NO_PIC = NO;
				GCC_NO_COMMON_BLOCKS = YES;
				GCC_OPTIMIZATION_LEVEL = 0;
				GCC_PREPROCESSOR_DEFINITIONS = (
					"DEBUG=1",
					"$(inherited)",
				);
				GCC_WARN_64_TO_32_BIT_CONVERSION = YES;
				GCC_WARN_ABOUT_RETURN_TYPE = YES_ERROR;
				GCC_WARN_UNDECLARED_SELECTOR = YES;
				GCC_WARN_UNINITIALIZED_AUTOS = YES_AGGRESSIVE;
				GCC_WARN_UNUSED_FUNCTION = YES;
				GCC_WARN_UNUSED_VARIABLE = YES;
				IPHONEOS_DEPLOYMENT_TARGET = 10.3;
				MTL_ENABLE_DEBUG_INFO = YES;
				ONLY_ACTIVE_ARCH = YES;
				SDKROOT = iphoneos;
				SWIFT_ACTIVE_COMPILATION_CONDITIONS = DEBUG;
				SWIFT_OPTIMIZATION_LEVEL = "-Onone";
				TARGETED_DEVICE_FAMILY = "1,2";
			};
			name = Debug;
		};
		2A5C4EC32056E95700E653BB /* Release */ = {
			isa = XCBuildConfiguration;
			buildSettings = {
				ALWAYS_SEARCH_USER_PATHS = NO;
				CLANG_ANALYZER_NONNULL = YES;
				CLANG_ANALYZER_NUMBER_OBJECT_CONVERSION = YES_AGGRESSIVE;
				CLANG_CXX_LANGUAGE_STANDARD = "gnu++0x";
				CLANG_CXX_LIBRARY = "libc++";
				CLANG_ENABLE_MODULES = YES;
				CLANG_ENABLE_OBJC_ARC = YES;
				CLANG_WARN_BOOL_CONVERSION = YES;
				CLANG_WARN_CONSTANT_CONVERSION = YES;
				CLANG_WARN_DIRECT_OBJC_ISA_USAGE = YES_ERROR;
				CLANG_WARN_DOCUMENTATION_COMMENTS = YES;
				CLANG_WARN_EMPTY_BODY = YES;
				CLANG_WARN_ENUM_CONVERSION = YES;
				CLANG_WARN_INFINITE_RECURSION = YES;
				CLANG_WARN_INT_CONVERSION = YES;
				CLANG_WARN_OBJC_ROOT_CLASS = YES_ERROR;
				CLANG_WARN_SUSPICIOUS_MOVE = YES;
				CLANG_WARN_UNREACHABLE_CODE = YES;
				CLANG_WARN__DUPLICATE_METHOD_MATCH = YES;
				"CODE_SIGN_IDENTITY[sdk=iphoneos*]" = "iPhone Developer";
				COPY_PHASE_STRIP = NO;
				DEBUG_INFORMATION_FORMAT = "dwarf-with-dsym";
				ENABLE_NS_ASSERTIONS = NO;
				ENABLE_STRICT_OBJC_MSGSEND = YES;
				GCC_C_LANGUAGE_STANDARD = gnu99;
				GCC_NO_COMMON_BLOCKS = YES;
				GCC_WARN_64_TO_32_BIT_CONVERSION = YES;
				GCC_WARN_ABOUT_RETURN_TYPE = YES_ERROR;
				GCC_WARN_UNDECLARED_SELECTOR = YES;
				GCC_WARN_UNINITIALIZED_AUTOS = YES_AGGRESSIVE;
				GCC_WARN_UNUSED_FUNCTION = YES;
				GCC_WARN_UNUSED_VARIABLE = YES;
				IPHONEOS_DEPLOYMENT_TARGET = 10.3;
				MTL_ENABLE_DEBUG_INFO = NO;
				SDKROOT = iphoneos;
				SWIFT_OPTIMIZATION_LEVEL = "-Owholemodule";
				TARGETED_DEVICE_FAMILY = "1,2";
				VALIDATE_PRODUCT = YES;
			};
			name = Release;
		};
		2A5C4EC52056E95700E653BB /* Debug */ = {
			isa = XCBuildConfiguration;
			buildSettings = {
				ASSETCATALOG_COMPILER_APPICON_NAME = AppIcon;
				"CODE_SIGN_IDENTITY[sdk=iphoneos*]" = "iPhone Developer";
				CODE_SIGN_STYLE = Automatic;
				DEVELOPMENT_TEAM = RPT494X4F7;
				INFOPLIST_FILE = "Project 1 attempt 4/Info.plist";
				LD_RUNPATH_SEARCH_PATHS = "$(inherited) @executable_path/Frameworks";
				PRODUCT_BUNDLE_IDENTIFIER = dodsondl.ReminderApp;
				PRODUCT_NAME = "$(TARGET_NAME)";
				PROVISIONING_PROFILE_SPECIFIER = "";
				SWIFT_VERSION = 3.0;
			};
			name = Debug;
		};
		2A5C4EC62056E95700E653BB /* Release */ = {
			isa = XCBuildConfiguration;
			buildSettings = {
				ASSETCATALOG_COMPILER_APPICON_NAME = AppIcon;
				"CODE_SIGN_IDENTITY[sdk=iphoneos*]" = "iPhone Developer";
				CODE_SIGN_STYLE = Automatic;
				DEVELOPMENT_TEAM = RPT494X4F7;
				INFOPLIST_FILE = "Project 1 attempt 4/Info.plist";
				LD_RUNPATH_SEARCH_PATHS = "$(inherited) @executable_path/Frameworks";
				PRODUCT_BUNDLE_IDENTIFIER = dodsondl.ReminderApp;
				PRODUCT_NAME = "$(TARGET_NAME)";
				PROVISIONING_PROFILE_SPECIFIER = "";
				SWIFT_VERSION = 3.0;
			};
			name = Release;
		};
/* End XCBuildConfiguration section */

/* Begin XCConfigurationList section */
		2A5C4EAD2056E95700E653BB /* Build configuration list for PBXProject "Project 1 attempt 4" */ = {
			isa = XCConfigurationList;
			buildConfigurations = (
				2A5C4EC22056E95700E653BB /* Debug */,
				2A5C4EC32056E95700E653BB /* Release */,
			);
			defaultConfigurationIsVisible = 0;
			defaultConfigurationName = Release;
		};
		2A5C4EC42056E95700E653BB /* Build configuration list for PBXNativeTarget "Project 1 attempt 4" */ = {
			isa = XCConfigurationList;
			buildConfigurations = (
				2A5C4EC52056E95700E653BB /* Debug */,
				2A5C4EC62056E95700E653BB /* Release */,
			);
			defaultConfigurationIsVisible = 0;
			defaultConfigurationName = Release;
		};
/* End XCConfigurationList section */
	};
	rootObject = 2A5C4EAA2056E95700E653BB /* Project object */;
}
